
Microsoft Visual Studio Solution File, Format Version 12.00
# Visual Studio Version 17
VisualStudioVersion = 17.7.34024.191
MinimumVisualStudioVersion = 10.0.40219.1
Project("{FAE04EC0-301F-11D3-BF4B-00C04F79EFBC}") = "Inventory Hall", "Inventory Hall\Inventory Hall.csproj", "{AED48BE7-422D-425C-94FA-239F74D1BBDF}"
EndProject
Global
	GlobalSection(SolutionConfigurationPlatforms) = preSolution
		Debug|Any CPU = Debug|Any CPU
		Release|Any CPU = Release|Any CPU
	EndGlobalSection
	GlobalSection(ProjectConfigurationPlatforms) = postSolution
		{AED48BE7-422D-425C-94FA-239F74D1BBDF}.Debug|Any CPU.ActiveCfg = Debug|Any CPU
		{AED48BE7-422D-425C-94FA-239F74D1BBDF}.Debug|Any CPU.Build.0 = Debug|Any CPU
		{AED48BE7-422D-425C-94FA-239F74D1BBDF}.Release|Any CPU.ActiveCfg = Release|Any CPU
		{AED48BE7-422D-425C-94FA-239F74D1BBDF}.Release|Any CPU.Build.0 = Release|Any CPU
	EndGlobalSection
	GlobalSection(SolutionProperties) = preSolution
		HideSolutionNode = FALSE
	EndGlobalSection
	GlobalSection(ExtensibilityGlobals) = postSolution
		SolutionGuid = {B99D0EAB-B3D8-4928-B5C6-75B46AC54C4B}
	EndGlobalSection
EndGlobal
